
Microsoft Visual Studio Solution File, Format Version 12.00
# Visual Studio Version 17
VisualStudioVersion = 17.4.33213.308
MinimumVisualStudioVersion = 10.0.40219.1
Project("{FAE04EC0-301F-11D3-BF4B-00C04F79EFBC}") = "SeleniumLearning", "SeleniumLearning\SeleniumLearning.csproj", "{9EBDE044-E694-414C-92C4-D0569E071CEB}"
EndProject
Global
	GlobalSection(SolutionConfigurationPlatforms) = preSolution
		Debug|Any CPU = Debug|Any CPU
		Release|Any CPU = Release|Any CPU
	EndGlobalSection
	GlobalSection(ProjectConfigurationPlatforms) = postSolution
		{9EBDE044-E694-414C-92C4-D0569E071CEB}.Debug|Any CPU.ActiveCfg = Debug|Any CPU
		{9EBDE044-E694-414C-92C4-D0569E071CEB}.Debug|Any CPU.Build.0 = Debug|Any CPU
		{9EBDE044-E694-414C-92C4-D0569E071CEB}.Release|Any CPU.ActiveCfg = Release|Any CPU
		{9EBDE044-E694-414C-92C4-D0569E071CEB}.Release|Any CPU.Build.0 = Release|Any CPU
	EndGlobalSection
	GlobalSection(SolutionProperties) = preSolution
		HideSolutionNode = FALSE
	EndGlobalSection
	GlobalSection(ExtensibilityGlobals) = postSolution
		SolutionGuid = {CB917CF7-7329-43C3-8685-26268FB82CD3}
	EndGlobalSection
EndGlobal
